// !$*UTF8*$!
{
	archiveVersion = 1;
	classes = {
	};
	objectVersion = 77;
	objects = {

/* Begin PBXBuildFile section */
		CE1A28C32CC6AA4F00B887DD /* libEndpointSecurity.tbd in Frameworks */ = {isa = PBXBuildFile; fileRef = CE1A28C22CC6AA4F00B887DD /* libEndpointSecurity.tbd */; };
		CE1A28CB2CC6AA4F00B887DD /* com.apriorit.EndpointSecurityApp.Extension.systemextension in Embed System Extensions */ = {isa = PBXBuildFile; fileRef = CE1A28C02CC6AA4F00B887DD /* com.apriorit.EndpointSecurityApp.Extension.systemextension */; settings = {ATTRIBUTES = (RemoveHeadersOnCopy, ); }; };
		CE1A28F72CC7FBEC00B887DD /* SystemExtensions.framework in Frameworks */ = {isa = PBXBuildFile; fileRef = CE1A28F62CC7FBEC00B887DD /* SystemExtensions.framework */; };
/* End PBXBuildFile section */

/* Begin PBXContainerItemProxy section */
		CE1A28C92CC6AA4F00B887DD /* PBXContainerItemProxy */ = {
			isa = PBXContainerItemProxy;
			containerPortal = CE1A28A12CC6A95100B887DD /* Project object */;
			proxyType = 1;
			remoteGlobalIDString = CE1A28BF2CC6AA4F00B887DD;
			remoteInfo = EndpointSecurityExtension;
		};
/* End PBXContainerItemProxy section */

/* Begin PBXCopyFilesBuildPhase section */
		CE1A28D02CC6AA4F00B887DD /* Embed System Extensions */ = {
			isa = PBXCopyFilesBuildPhase;
			buildActionMask = 2147483647;
			dstPath = "$(SYSTEM_EXTENSIONS_FOLDER_PATH)";
			dstSubfolderSpec = 16;
			files = (
				CE1A28CB2CC6AA4F00B887DD /* com.apriorit.EndpointSecurityApp.Extension.systemextension in Embed System Extensions */,
			);
			name = "Embed System Extensions";
			runOnlyForDeploymentPostprocessing = 0;
		};
/* End PBXCopyFilesBuildPhase section */

/* Begin PBXFileReference section */
		CE1A28A92CC6A95100B887DD /* EndpointSecurityApp.app */ = {isa = PBXFileReference; explicitFileType = wrapper.application; includeInIndex = 0; path = EndpointSecurityApp.app; sourceTree = BUILT_PRODUCTS_DIR; };
		CE1A28C02CC6AA4F00B887DD /* com.apriorit.EndpointSecurityApp.Extension.systemextension */ = {isa = PBXFileReference; explicitFileType = "wrapper.system-extension"; includeInIndex = 0; path = com.apriorit.EndpointSecurityApp.Extension.systemextension; sourceTree = BUILT_PRODUCTS_DIR; };
		CE1A28C22CC6AA4F00B887DD /* libEndpointSecurity.tbd */ = {isa = PBXFileReference; lastKnownFileType = "sourcecode.text-based-dylib-definition"; name = libEndpointSecurity.tbd; path = usr/lib/libEndpointSecurity.tbd; sourceTree = SDKROOT; };
		CE1A28F62CC7FBEC00B887DD /* SystemExtensions.framework */ = {isa = PBXFileReference; lastKnownFileType = wrapper.framework; name = SystemExtensions.framework; path = System/Library/Frameworks/SystemExtensions.framework; sourceTree = SDKROOT; };
/* End PBXFileReference section */

/* Begin PBXFileSystemSynchronizedBuildFileExceptionSet section */
		CE1A28CC2CC6AA4F00B887DD /* Exceptions for "EndpointSecurityExtension" folder in "EndpointSecurityExtension" target */ = {
			isa = PBXFileSystemSynchronizedBuildFileExceptionSet;
			membershipExceptions = (
				Info.plist,
			);
			target = CE1A28BF2CC6AA4F00B887DD /* EndpointSecurityExtension */;
		};
/* End PBXFileSystemSynchronizedBuildFileExceptionSet section */

/* Begin PBXFileSystemSynchronizedRootGroup section */
		CE1A28AB2CC6A95100B887DD /* EndpointSecurityApp */ = {
			isa = PBXFileSystemSynchronizedRootGroup;
			path = EndpointSecurityApp;
			sourceTree = "<group>";
		};
		CE1A28C42CC6AA4F00B887DD /* EndpointSecurityExtension */ = {
			isa = PBXFileSystemSynchronizedRootGroup;
			exceptions = (
				CE1A28CC2CC6AA4F00B887DD /* Exceptions for "EndpointSecurityExtension" folder in "EndpointSecurityExtension" target */,
			);
			path = EndpointSecurityExtension;
			sourceTree = "<group>";
		};
/* End PBXFileSystemSynchronizedRootGroup section */

/* Begin PBXFrameworksBuildPhase section */
		CE1A28A62CC6A95100B887DD /* Frameworks */ = {
			isa = PBXFrameworksBuildPhase;
			buildActionMask = 2147483647;
			files = (
				CE1A28F72CC7FBEC00B887DD /* SystemExtensions.framework in Frameworks */,
			);
			runOnlyForDeploymentPostprocessing = 0;
		};
		CE1A28BD2CC6AA4F00B887DD /* Frameworks */ = {
			isa = PBXFrameworksBuildPhase;
			buildActionMask = 2147483647;
			files = (
				CE1A28C32CC6AA4F00B887DD /* libEndpointSecurity.tbd in Frameworks */,
			);
			runOnlyForDeploymentPostprocessing = 0;
		};
/* End PBXFrameworksBuildPhase section */

/* Begin PBXGroup section */
		CE1A28A02CC6A95100B887DD = {
			isa = PBXGroup;
			children = (
				CE1A28AB2CC6A95100B887DD /* EndpointSecurityApp */,
				CE1A28C42CC6AA4F00B887DD /* EndpointSecurityExtension */,
				CE1A28C12CC6AA4F00B887DD /* Frameworks */,
				CE1A28AA2CC6A95100B887DD /* Products */,
			);
			sourceTree = "<group>";
		};
		CE1A28AA2CC6A95100B887DD /* Products */ = {
			isa = PBXGroup;
			children = (
				CE1A28A92CC6A95100B887DD /* EndpointSecurityApp.app */,
				CE1A28C02CC6AA4F00B887DD /* com.apriorit.EndpointSecurityApp.Extension.systemextension */,
			);
			name = Products;
			sourceTree = "<group>";
		};
		CE1A28C12CC6AA4F00B887DD /* Frameworks */ = {
			isa = PBXGroup;
			children = (
				CE1A28F62CC7FBEC00B887DD /* SystemExtensions.framework */,
				CE1A28C22CC6AA4F00B887DD /* libEndpointSecurity.tbd */,
			);
			name = Frameworks;
			sourceTree = "<group>";
		};
/* End PBXGroup section */

/* Begin PBXNativeTarget section */
		CE1A28A82CC6A95100B887DD /* EndpointSecurityApp */ = {
			isa = PBXNativeTarget;
			buildConfigurationList = CE1A28B82CC6A95300B887DD /* Build configuration list for PBXNativeTarget "EndpointSecurityApp" */;
			buildPhases = (
				CE1A28A52CC6A95100B887DD /* Sources */,
				CE1A28A62CC6A95100B887DD /* Frameworks */,
				CE1A28A72CC6A95100B887DD /* Resources */,
				CE1A28D02CC6AA4F00B887DD /* Embed System Extensions */,
			);
			buildRules = (
			);
			dependencies = (
				CE1A28CA2CC6AA4F00B887DD /* PBXTargetDependency */,
			);
			fileSystemSynchronizedGroups = (
				CE1A28AB2CC6A95100B887DD /* EndpointSecurityApp */,
			);
			name = EndpointSecurityApp;
			packageProductDependencies = (
			);
			productName = EndpointSecurityApp;
			productReference = CE1A28A92CC6A95100B887DD /* EndpointSecurityApp.app */;
			productType = "com.apple.product-type.application";
		};
		CE1A28BF2CC6AA4F00B887DD /* EndpointSecurityExtension */ = {
			isa = PBXNativeTarget;
			buildConfigurationList = CE1A28CD2CC6AA4F00B887DD /* Build configuration list for PBXNativeTarget "EndpointSecurityExtension" */;
			buildPhases = (
				CE1A28BC2CC6AA4F00B887DD /* Sources */,
				CE1A28BD2CC6AA4F00B887DD /* Frameworks */,
				CE1A28BE2CC6AA4F00B887DD /* Resources */,
			);
			buildRules = (
			);
			dependencies = (
			);
			fileSystemSynchronizedGroups = (
				CE1A28C42CC6AA4F00B887DD /* EndpointSecurityExtension */,
			);
			name = EndpointSecurityExtension;
			packageProductDependencies = (
			);
			productName = EndpointSecurityExtension;
			productReference = CE1A28C02CC6AA4F00B887DD /* com.apriorit.EndpointSecurityApp.Extension.systemextension */;
			productType = "com.apple.product-type.system-extension";
		};
/* End PBXNativeTarget section */

/* Begin PBXProject section */
		CE1A28A12CC6A95100B887DD /* Project object */ = {
			isa = PBXProject;
			attributes = {
				BuildIndependentTargetsInParallel = 1;
				LastSwiftUpdateCheck = 1600;
				LastUpgradeCheck = 1600;
				TargetAttributes = {
					CE1A28A82CC6A95100B887DD = {
						CreatedOnToolsVersion = 16.0;
					};
					CE1A28BF2CC6AA4F00B887DD = {
						CreatedOnToolsVersion = 16.0;
					};
				};
			};
			buildConfigurationList = CE1A28A42CC6A95100B887DD /* Build configuration list for PBXProject "EndpointSecurityApp" */;
			developmentRegion = en;
			hasScannedForEncodings = 0;
			knownRegions = (
				en,
				Base,
			);
			mainGroup = CE1A28A02CC6A95100B887DD;
			minimizedProjectReferenceProxies = 1;
			preferredProjectObjectVersion = 77;
			productRefGroup = CE1A28AA2CC6A95100B887DD /* Products */;
			projectDirPath = "";
			projectRoot = "";
			targets = (
				CE1A28A82CC6A95100B887DD /* EndpointSecurityApp */,
				CE1A28BF2CC6AA4F00B887DD /* EndpointSecurityExtension */,
			);
		};
/* End PBXProject section */

/* Begin PBXResourcesBuildPhase section */
		CE1A28A72CC6A95100B887DD /* Resources */ = {
			isa = PBXResourcesBuildPhase;
			buildActionMask = 2147483647;
			files = (
			);
			runOnlyForDeploymentPostprocessing = 0;
		};
		CE1A28BE2CC6AA4F00B887DD /* Resources */ = {
			isa = PBXResourcesBuildPhase;
			buildActionMask = 2147483647;
			files = (
			);
			runOnlyForDeploymentPostprocessing = 0;
		};
/* End PBXResourcesBuildPhase section */

/* Begin PBXSourcesBuildPhase section */
		CE1A28A52CC6A95100B887DD /* Sources */ = {
			isa = PBXSourcesBuildPhase;
			buildActionMask = 2147483647;
			files = (
			);
			runOnlyForDeploymentPostprocessing = 0;
		};
		CE1A28BC2CC6AA4F00B887DD /* Sources */ = {
			isa = PBXSourcesBuildPhase;
			buildActionMask = 2147483647;
			files = (
			);
			runOnlyForDeploymentPostprocessing = 0;
		};
/* End PBXSourcesBuildPhase section */

/* Begin PBXTargetDependency section */
		CE1A28CA2CC6AA4F00B887DD /* PBXTargetDependency */ = {
			isa = PBXTargetDependency;
			target = CE1A28BF2CC6AA4F00B887DD /* EndpointSecurityExtension */;
			targetProxy = CE1A28C92CC6AA4F00B887DD /* PBXContainerItemProxy */;
		};
/* End PBXTargetDependency section */

/* Begin XCBuildConfiguration section */
		CE1A28B62CC6A95300B887DD /* Debug */ = {
			isa = XCBuildConfiguration;
			buildSettings = {
				ALWAYS_SEARCH_USER_PATHS = NO;
				ASSETCATALOG_COMPILER_GENERATE_SWIFT_ASSET_SYMBOL_EXTENSIONS = YES;
				CLANG_ANALYZER_NONNULL = YES;
				CLANG_ANALYZER_NUMBER_OBJECT_CONVERSION = YES_AGGRESSIVE;
				CLANG_CXX_LANGUAGE_STANDARD = "gnu++20";
				CLANG_ENABLE_MODULES = YES;
				CLANG_ENABLE_OBJC_ARC = YES;
				CLANG_ENABLE_OBJC_WEAK = YES;
				CLANG_WARN_BLOCK_CAPTURE_AUTORELEASING = YES;
				CLANG_WARN_BOOL_CONVERSION = YES;
				CLANG_WARN_COMMA = YES;
				CLANG_WARN_CONSTANT_CONVERSION = YES;
				CLANG_WARN_DEPRECATED_OBJC_IMPLEMENTATIONS = YES;
				CLANG_WARN_DIRECT_OBJC_ISA_USAGE = YES_ERROR;
				CLANG_WARN_DOCUMENTATION_COMMENTS = YES;
				CLANG_WARN_EMPTY_BODY = YES;
				CLANG_WARN_ENUM_CONVERSION = YES;
				CLANG_WARN_INFINITE_RECURSION = YES;
				CLANG_WARN_INT_CONVERSION = YES;
				CLANG_WARN_NON_LITERAL_NULL_CONVERSION = YES;
				CLANG_WARN_OBJC_IMPLICIT_RETAIN_SELF = YES;
				CLANG_WARN_OBJC_LITERAL_CONVERSION = YES;
				CLANG_WARN_OBJC_ROOT_CLASS = YES_ERROR;
				CLANG_WARN_QUOTED_INCLUDE_IN_FRAMEWORK_HEADER = YES;
				CLANG_WARN_RANGE_LOOP_ANALYSIS = YES;
				CLANG_WARN_STRICT_PROTOTYPES = YES;
				CLANG_WARN_SUSPICIOUS_MOVE = YES;
				CLANG_WARN_UNGUARDED_AVAILABILITY = YES_AGGRESSIVE;
				CLANG_WARN_UNREACHABLE_CODE = YES;
				CLANG_WARN__DUPLICATE_METHOD_MATCH = YES;
				COPY_PHASE_STRIP = NO;
				DEBUG_INFORMATION_FORMAT = dwarf;
				ENABLE_STRICT_OBJC_MSGSEND = YES;
				ENABLE_TESTABILITY = YES;
				ENABLE_USER_SCRIPT_SANDBOXING = YES;
				GCC_C_LANGUAGE_STANDARD = gnu17;
				GCC_DYNAMIC_NO_PIC = NO;
				GCC_NO_COMMON_BLOCKS = YES;
				GCC_OPTIMIZATION_LEVEL = 0;
				GCC_PREPROCESSOR_DEFINITIONS = (
					"DEBUG=1",
					"$(inherited)",
				);
				GCC_WARN_64_TO_32_BIT_CONVERSION = YES;
				GCC_WARN_ABOUT_RETURN_TYPE = YES_ERROR;
				GCC_WARN_UNDECLARED_SELECTOR = YES;
				GCC_WARN_UNINITIALIZED_AUTOS = YES_AGGRESSIVE;
				GCC_WARN_UNUSED_FUNCTION = YES;
				GCC_WARN_UNUSED_VARIABLE = YES;
				LOCALIZATION_PREFERS_STRING_CATALOGS = YES;
				MACOSX_DEPLOYMENT_TARGET = 14.7;
				MTL_ENABLE_DEBUG_INFO = INCLUDE_SOURCE;
				MTL_FAST_MATH = YES;
				ONLY_ACTIVE_ARCH = YES;
				SDKROOT = macosx;
				SWIFT_ACTIVE_COMPILATION_CONDITIONS = "DEBUG $(inherited)";
				SWIFT_OPTIMIZATION_LEVEL = "-Onone";
			};
			name = Debug;
		};
		CE1A28B72CC6A95300B887DD /* Release */ = {
			isa = XCBuildConfiguration;
			buildSettings = {
				ALWAYS_SEARCH_USER_PATHS = NO;
				ASSETCATALOG_COMPILER_GENERATE_SWIFT_ASSET_SYMBOL_EXTENSIONS = YES;
				CLANG_ANALYZER_NONNULL = YES;
				CLANG_ANALYZER_NUMBER_OBJECT_CONVERSION = YES_AGGRESSIVE;
				CLANG_CXX_LANGUAGE_STANDARD = "gnu++20";
				CLANG_ENABLE_MODULES = YES;
				CLANG_ENABLE_OBJC_ARC = YES;
				CLANG_ENABLE_OBJC_WEAK = YES;
				CLANG_WARN_BLOCK_CAPTURE_AUTORELEASING = YES;
				CLANG_WARN_BOOL_CONVERSION = YES;
				CLANG_WARN_COMMA = YES;
				CLANG_WARN_CONSTANT_CONVERSION = YES;
				CLANG_WARN_DEPRECATED_OBJC_IMPLEMENTATIONS = YES;
				CLANG_WARN_DIRECT_OBJC_ISA_USAGE = YES_ERROR;
				CLANG_WARN_DOCUMENTATION_COMMENTS = YES;
				CLANG_WARN_EMPTY_BODY = YES;
				CLANG_WARN_ENUM_CONVERSION = YES;
				CLANG_WARN_INFINITE_RECURSION = YES;
				CLANG_WARN_INT_CONVERSION = YES;
				CLANG_WARN_NON_LITERAL_NULL_CONVERSION = YES;
				CLANG_WARN_OBJC_IMPLICIT_RETAIN_SELF = YES;
				CLANG_WARN_OBJC_LITERAL_CONVERSION = YES;
				CLANG_WARN_OBJC_ROOT_CLASS = YES_ERROR;
				CLANG_WARN_QUOTED_INCLUDE_IN_FRAMEWORK_HEADER = YES;
				CLANG_WARN_RANGE_LOOP_ANALYSIS = YES;
				CLANG_WARN_STRICT_PROTOTYPES = YES;
				CLANG_WARN_SUSPICIOUS_MOVE = YES;
				CLANG_WARN_UNGUARDED_AVAILABILITY = YES_AGGRESSIVE;
				CLANG_WARN_UNREACHABLE_CODE = YES;
				CLANG_WARN__DUPLICATE_METHOD_MATCH = YES;
				COPY_PHASE_STRIP = NO;
				DEBUG_INFORMATION_FORMAT = "dwarf-with-dsym";
				ENABLE_NS_ASSERTIONS = NO;
				ENABLE_STRICT_OBJC_MSGSEND = YES;
				ENABLE_USER_SCRIPT_SANDBOXING = YES;
				GCC_C_LANGUAGE_STANDARD = gnu17;
				GCC_NO_COMMON_BLOCKS = YES;
				GCC_WARN_64_TO_32_BIT_CONVERSION = YES;
				GCC_WARN_ABOUT_RETURN_TYPE = YES_ERROR;
				GCC_WARN_UNDECLARED_SELECTOR = YES;
				GCC_WARN_UNINITIALIZED_AUTOS = YES_AGGRESSIVE;
				GCC_WARN_UNUSED_FUNCTION = YES;
				GCC_WARN_UNUSED_VARIABLE = YES;
				LOCALIZATION_PREFERS_STRING_CATALOGS = YES;
				MACOSX_DEPLOYMENT_TARGET = 14.7;
				MTL_ENABLE_DEBUG_INFO = NO;
				MTL_FAST_MATH = YES;
				SDKROOT = macosx;
				SWIFT_COMPILATION_MODE = wholemodule;
			};
			name = Release;
		};
		CE1A28B92CC6A95300B887DD /* Debug */ = {
			isa = XCBuildConfiguration;
			buildSettings = {
				ASSETCATALOG_COMPILER_APPICON_NAME = AppIcon;
				ASSETCATALOG_COMPILER_GLOBAL_ACCENT_COLOR_NAME = AccentColor;
				CODE_SIGN_ENTITLEMENTS = EndpointSecurityApp/EndpointSecurityApp.entitlements;
				"CODE_SIGN_IDENTITY[sdk=macosx*]" = "Apple Development";
				CODE_SIGN_STYLE = Automatic;
				COMBINE_HIDPI_IMAGES = YES;
				CURRENT_PROJECT_VERSION = 1;
				DEVELOPMENT_ASSET_PATHS = "\"EndpointSecurityApp/Preview Content\"";
				DEVELOPMENT_TEAM = 568627VAHG;
				ENABLE_HARDENED_RUNTIME = YES;
				ENABLE_PREVIEWS = YES;
				GENERATE_INFOPLIST_FILE = YES;
				INFOPLIST_KEY_NSHumanReadableCopyright = "";
				LD_RUNPATH_SEARCH_PATHS = (
					"$(inherited)",
					"@executable_path/../Frameworks",
				);
				MARKETING_VERSION = 1.0.0;
				PRODUCT_BUNDLE_IDENTIFIER = com.apriorit.EndpointSecurityApp;
				PRODUCT_NAME = "$(TARGET_NAME)";
				SWIFT_EMIT_LOC_STRINGS = YES;
				SWIFT_VERSION = 5.0;
			};
			name = Debug;
		};
		CE1A28BA2CC6A95300B887DD /* Release */ = {
			isa = XCBuildConfiguration;
			buildSettings = {
				ASSETCATALOG_COMPILER_APPICON_NAME = AppIcon;
				ASSETCATALOG_COMPILER_GLOBAL_ACCENT_COLOR_NAME = AccentColor;
				CODE_SIGN_ENTITLEMENTS = EndpointSecurityApp/EndpointSecurityApp.entitlements;
				"CODE_SIGN_IDENTITY[sdk=macosx*]" = "Apple Development";
				CODE_SIGN_STYLE = Automatic;
				COMBINE_HIDPI_IMAGES = YES;
				CURRENT_PROJECT_VERSION = 1;
				DEVELOPMENT_ASSET_PATHS = "\"EndpointSecurityApp/Preview Content\"";
				DEVELOPMENT_TEAM = 568627VAHG;
				ENABLE_HARDENED_RUNTIME = YES;
				ENABLE_PREVIEWS = YES;
				GENERATE_INFOPLIST_FILE = YES;
				INFOPLIST_KEY_NSHumanReadableCopyright = "";
				LD_RUNPATH_SEARCH_PATHS = (
					"$(inherited)",
					"@executable_path/../Frameworks",
				);
				MARKETING_VERSION = 1.0.0;
				PRODUCT_BUNDLE_IDENTIFIER = com.apriorit.EndpointSecurityApp;
				PRODUCT_NAME = "$(TARGET_NAME)";
				SWIFT_EMIT_LOC_STRINGS = YES;
				SWIFT_VERSION = 5.0;
			};
			name = Release;
		};
		CE1A28CE2CC6AA4F00B887DD /* Debug */ = {
			isa = XCBuildConfiguration;
			buildSettings = {
				CODE_SIGN_ENTITLEMENTS = EndpointSecurityExtension/EndpointSecurityExtension.entitlements;
				CODE_SIGN_STYLE = Automatic;
				CURRENT_PROJECT_VERSION = 1;
				DEVELOPMENT_TEAM = 568627VAHG;
				ENABLE_HARDENED_RUNTIME = YES;
				GENERATE_INFOPLIST_FILE = YES;
				INFOPLIST_FILE = EndpointSecurityExtension/Info.plist;
				INFOPLIST_KEY_NSHumanReadableCopyright = "";
				INFOPLIST_KEY_NSSystemExtensionUsageDescription = "";
				LD_RUNPATH_SEARCH_PATHS = (
					"$(inherited)",
					"@executable_path/../Frameworks",
					"@executable_path/../../../../Frameworks",
				);
				MARKETING_VERSION = 1.0;
				PRODUCT_BUNDLE_IDENTIFIER = com.apriorit.EndpointSecurityApp.Extension;
				PRODUCT_NAME = "$(inherited)";
				SKIP_INSTALL = YES;
				SWIFT_EMIT_LOC_STRINGS = YES;
				SWIFT_VERSION = 5.0;
			};
			name = Debug;
		};
		CE1A28CF2CC6AA4F00B887DD /* Release */ = {
			isa = XCBuildConfiguration;
			buildSettings = {
				CODE_SIGN_ENTITLEMENTS = EndpointSecurityExtension/EndpointSecurityExtension.entitlements;
				CODE_SIGN_STYLE = Automatic;
				CURRENT_PROJECT_VERSION = 1;
				DEVELOPMENT_TEAM = 568627VAHG;
				ENABLE_HARDENED_RUNTIME = YES;
				GENERATE_INFOPLIST_FILE = YES;
				INFOPLIST_FILE = EndpointSecurityExtension/Info.plist;
				INFOPLIST_KEY_NSHumanReadableCopyright = "";
				INFOPLIST_KEY_NSSystemExtensionUsageDescription = "";
				LD_RUNPATH_SEARCH_PATHS = (
					"$(inherited)",
					"@executable_path/../Frameworks",
					"@executable_path/../../../../Frameworks",
				);
				MARKETING_VERSION = 1.0;
				PRODUCT_BUNDLE_IDENTIFIER = com.apriorit.EndpointSecurityApp.Extension;
				PRODUCT_NAME = "$(inherited)";
				SKIP_INSTALL = YES;
				SWIFT_EMIT_LOC_STRINGS = YES;
				SWIFT_VERSION = 5.0;
			};
			name = Release;
		};
/* End XCBuildConfiguration section */

/* Begin XCConfigurationList section */
		CE1A28A42CC6A95100B887DD /* Build configuration list for PBXProject "EndpointSecurityApp" */ = {
			isa = XCConfigurationList;
			buildConfigurations = (
				CE1A28B62CC6A95300B887DD /* Debug */,
				CE1A28B72CC6A95300B887DD /* Release */,
			);
			defaultConfigurationIsVisible = 0;
			defaultConfigurationName = Release;
		};
		CE1A28B82CC6A95300B887DD /* Build configuration list for PBXNativeTarget "EndpointSecurityApp" */ = {
			isa = XCConfigurationList;
			buildConfigurations = (
				CE1A28B92CC6A95300B887DD /* Debug */,
				CE1A28BA2CC6A95300B887DD /* Release */,
			);
			defaultConfigurationIsVisible = 0;
			defaultConfigurationName = Release;
		};
		CE1A28CD2CC6AA4F00B887DD /* Build configuration list for PBXNativeTarget "EndpointSecurityExtension" */ = {
			isa = XCConfigurationList;
			buildConfigurations = (
				CE1A28CE2CC6AA4F00B887DD /* Debug */,
				CE1A28CF2CC6AA4F00B887DD /* Release */,
			);
			defaultConfigurationIsVisible = 0;
			defaultConfigurationName = Release;
		};
/* End XCConfigurationList section */
	};
	rootObject = CE1A28A12CC6A95100B887DD /* Project object */;
}
